
Microsoft Visual Studio Solution File, Format Version 12.00
# Visual Studio 14
VisualStudioVersion = 14.0.25123.0
MinimumVisualStudioVersion = 10.0.40219.1
Project("{FAE04EC0-301F-11D3-BF4B-00C04F79EFBC}") = "ChamadaAppMobile.Droid", "ChamadaAppMobile\ChamadaAppMobile.Droid\ChamadaAppMobile.Droid.csproj", "{BB0191E8-D468-4F20-B6CE-B4858988734A}"
EndProject
Project("{FAE04EC0-301F-11D3-BF4B-00C04F79EFBC}") = "ChamadaAppMobile.iOS", "ChamadaAppMobile\ChamadaAppMobile.iOS\ChamadaAppMobile.iOS.csproj", "{61E555D7-3BA1-4739-8AF9-56A24B3F80FE}"
EndProject
Project("{FAE04EC0-301F-11D3-BF4B-00C04F79EFBC}") = "ChamadaAppMobile.WinPhone", "ChamadaAppMobile\ChamadaAppMobile.WinPhone\ChamadaAppMobile.WinPhone.csproj", "{04A5F20A-EAAF-4014-BFB7-BD60015092C3}"
EndProject
Project("{FAE04EC0-301F-11D3-BF4B-00C04F79EFBC}") = "ChamadaAppMobile", "ChamadaAppMobile\ChamadaAppMobile\ChamadaAppMobile.csproj", "{368B7E42-E168-4A0C-8CE9-DCCF0049FDC1}"
EndProject
Global
	GlobalSection(SolutionConfigurationPlatforms) = preSolution
		Ad-Hoc|Any CPU = Ad-Hoc|Any CPU
		Ad-Hoc|ARM = Ad-Hoc|ARM
		Ad-Hoc|iPhone = Ad-Hoc|iPhone
		Ad-Hoc|iPhoneSimulator = Ad-Hoc|iPhoneSimulator
		Ad-Hoc|x86 = Ad-Hoc|x86
		AppStore|Any CPU = AppStore|Any CPU
		AppStore|ARM = AppStore|ARM
		AppStore|iPhone = AppStore|iPhone
		AppStore|iPhoneSimulator = AppStore|iPhoneSimulator
		AppStore|x86 = AppStore|x86
		Debug|Any CPU = Debug|Any CPU
		Debug|ARM = Debug|ARM
		Debug|iPhone = Debug|iPhone
		Debug|iPhoneSimulator = Debug|iPhoneSimulator
		Debug|x86 = Debug|x86
		Release|Any CPU = Release|Any CPU
		Release|ARM = Release|ARM
		Release|iPhone = Release|iPhone
		Release|iPhoneSimulator = Release|iPhoneSimulator
		Release|x86 = Release|x86
	EndGlobalSection
	GlobalSection(ProjectConfigurationPlatforms) = postSolution
		{BB0191E8-D468-4F20-B6CE-B4858988734A}.Ad-Hoc|Any CPU.ActiveCfg = Release|Any CPU
		{BB0191E8-D468-4F20-B6CE-B4858988734A}.Ad-Hoc|Any CPU.Build.0 = Release|Any CPU
		{BB0191E8-D468-4F20-B6CE-B4858988734A}.Ad-Hoc|Any CPU.Deploy.0 = Release|Any CPU
		{BB0191E8-D468-4F20-B6CE-B4858988734A}.Ad-Hoc|ARM.ActiveCfg = Release|Any CPU
		{BB0191E8-D468-4F20-B6CE-B4858988734A}.Ad-Hoc|ARM.Build.0 = Release|Any CPU
		{BB0191E8-D468-4F20-B6CE-B4858988734A}.Ad-Hoc|ARM.Deploy.0 = Release|Any CPU
		{BB0191E8-D468-4F20-B6CE-B4858988734A}.Ad-Hoc|iPhone.ActiveCfg = Release|Any CPU
		{BB0191E8-D468-4F20-B6CE-B4858988734A}.Ad-Hoc|iPhone.Build.0 = Release|Any CPU
		{BB0191E8-D468-4F20-B6CE-B4858988734A}.Ad-Hoc|iPhone.Deploy.0 = Release|Any CPU
		{BB0191E8-D468-4F20-B6CE-B4858988734A}.Ad-Hoc|iPhoneSimulator.ActiveCfg = Release|Any CPU
		{BB0191E8-D468-4F20-B6CE-B4858988734A}.Ad-Hoc|iPhoneSimulator.Build.0 = Release|Any CPU
		{BB0191E8-D468-4F20-B6CE-B4858988734A}.Ad-Hoc|iPhoneSimulator.Deploy.0 = Release|Any CPU
		{BB0191E8-D468-4F20-B6CE-B4858988734A}.Ad-Hoc|x86.ActiveCfg = Release|Any CPU
		{BB0191E8-D468-4F20-B6CE-B4858988734A}.Ad-Hoc|x86.Build.0 = Release|Any CPU
		{BB0191E8-D468-4F20-B6CE-B4858988734A}.Ad-Hoc|x86.Deploy.0 = Release|Any CPU
		{BB0191E8-D468-4F20-B6CE-B4858988734A}.AppStore|Any CPU.ActiveCfg = Release|Any CPU
		{BB0191E8-D468-4F20-B6CE-B4858988734A}.AppStore|Any CPU.Build.0 = Release|Any CPU
		{BB0191E8-D468-4F20-B6CE-B4858988734A}.AppStore|Any CPU.Deploy.0 = Release|Any CPU
		{BB0191E8-D468-4F20-B6CE-B4858988734A}.AppStore|ARM.ActiveCfg = Release|Any CPU
		{BB0191E8-D468-4F20-B6CE-B4858988734A}.AppStore|ARM.Build.0 = Release|Any CPU
		{BB0191E8-D468-4F20-B6CE-B4858988734A}.AppStore|ARM.Deploy.0 = Release|Any CPU
		{BB0191E8-D468-4F20-B6CE-B4858988734A}.AppStore|iPhone.ActiveCfg = Release|Any CPU
		{BB0191E8-D468-4F20-B6CE-B4858988734A}.AppStore|iPhone.Build.0 = Release|Any CPU
		{BB0191E8-D468-4F20-B6CE-B4858988734A}.AppStore|iPhone.Deploy.0 = Release|Any CPU
		{BB0191E8-D468-4F20-B6CE-B4858988734A}.AppStore|iPhoneSimulator.ActiveCfg = Release|Any CPU
		{BB0191E8-D468-4F20-B6CE-B4858988734A}.AppStore|iPhoneSimulator.Build.0 = Release|Any CPU
		{BB0191E8-D468-4F20-B6CE-B4858988734A}.AppStore|iPhoneSimulator.Deploy.0 = Release|Any CPU
		{BB0191E8-D468-4F20-B6CE-B4858988734A}.AppStore|x86.ActiveCfg = Release|Any CPU
		{BB0191E8-D468-4F20-B6CE-B4858988734A}.AppStore|x86.Build.0 = Release|Any CPU
		{BB0191E8-D468-4F20-B6CE-B4858988734A}.AppStore|x86.Deploy.0 = Release|Any CPU
		{BB0191E8-D468-4F20-B6CE-B4858988734A}.Debug|Any CPU.ActiveCfg = Debug|Any CPU
		{BB0191E8-D468-4F20-B6CE-B4858988734A}.Debug|ARM.ActiveCfg = Debug|Any CPU
		{BB0191E8-D468-4F20-B6CE-B4858988734A}.Debug|ARM.Build.0 = Debug|Any CPU
		{BB0191E8-D468-4F20-B6CE-B4858988734A}.Debug|ARM.Deploy.0 = Debug|Any CPU
		{BB0191E8-D468-4F20-B6CE-B4858988734A}.Debug|iPhone.ActiveCfg = Debug|Any CPU
		{BB0191E8-D468-4F20-B6CE-B4858988734A}.Debug|iPhone.Deploy.0 = Debug|Any CPU
		{BB0191E8-D468-4F20-B6CE-B4858988734A}.Debug|iPhoneSimulator.ActiveCfg = Debug|Any CPU
		{BB0191E8-D468-4F20-B6CE-B4858988734A}.Debug|iPhoneSimulator.Build.0 = Debug|Any CPU
		{BB0191E8-D468-4F20-B6CE-B4858988734A}.Debug|iPhoneSimulator.Deploy.0 = Debug|Any CPU
		{BB0191E8-D468-4F20-B6CE-B4858988734A}.Debug|x86.ActiveCfg = Debug|Any CPU
		{BB0191E8-D468-4F20-B6CE-B4858988734A}.Debug|x86.Build.0 = Debug|Any CPU
		{BB0191E8-D468-4F20-B6CE-B4858988734A}.Debug|x86.Deploy.0 = Debug|Any CPU
		{BB0191E8-D468-4F20-B6CE-B4858988734A}.Release|Any CPU.ActiveCfg = Release|Any CPU
		{BB0191E8-D468-4F20-B6CE-B4858988734A}.Release|Any CPU.Build.0 = Release|Any CPU
		{BB0191E8-D468-4F20-B6CE-B4858988734A}.Release|Any CPU.Deploy.0 = Release|Any CPU
		{BB0191E8-D468-4F20-B6CE-B4858988734A}.Release|ARM.ActiveCfg = Release|Any CPU
		{BB0191E8-D468-4F20-B6CE-B4858988734A}.Release|ARM.Build.0 = Release|Any CPU
		{BB0191E8-D468-4F20-B6CE-B4858988734A}.Release|ARM.Deploy.0 = Release|Any CPU
		{BB0191E8-D468-4F20-B6CE-B4858988734A}.Release|iPhone.ActiveCfg = Release|Any CPU
		{BB0191E8-D468-4F20-B6CE-B4858988734A}.Release|iPhone.Build.0 = Release|Any CPU
		{BB0191E8-D468-4F20-B6CE-B4858988734A}.Release|iPhone.Deploy.0 = Release|Any CPU
		{BB0191E8-D468-4F20-B6CE-B4858988734A}.Release|iPhoneSimulator.ActiveCfg = Release|Any CPU
		{BB0191E8-D468-4F20-B6CE-B4858988734A}.Release|iPhoneSimulator.Build.0 = Release|Any CPU
		{BB0191E8-D468-4F20-B6CE-B4858988734A}.Release|iPhoneSimulator.Deploy.0 = Release|Any CPU
		{BB0191E8-D468-4F20-B6CE-B4858988734A}.Release|x86.ActiveCfg = Release|Any CPU
		{BB0191E8-D468-4F20-B6CE-B4858988734A}.Release|x86.Build.0 = Release|Any CPU
		{BB0191E8-D468-4F20-B6CE-B4858988734A}.Release|x86.Deploy.0 = Release|Any CPU
		{61E555D7-3BA1-4739-8AF9-56A24B3F80FE}.Ad-Hoc|Any CPU.ActiveCfg = Ad-Hoc|iPhone
		{61E555D7-3BA1-4739-8AF9-56A24B3F80FE}.Ad-Hoc|ARM.ActiveCfg = Ad-Hoc|iPhone
		{61E555D7-3BA1-4739-8AF9-56A24B3F80FE}.Ad-Hoc|iPhone.ActiveCfg = Ad-Hoc|iPhone
		{61E555D7-3BA1-4739-8AF9-56A24B3F80FE}.Ad-Hoc|iPhone.Build.0 = Ad-Hoc|iPhone
		{61E555D7-3BA1-4739-8AF9-56A24B3F80FE}.Ad-Hoc|iPhoneSimulator.ActiveCfg = Ad-Hoc|iPhoneSimulator
		{61E555D7-3BA1-4739-8AF9-56A24B3F80FE}.Ad-Hoc|iPhoneSimulator.Build.0 = Ad-Hoc|iPhoneSimulator
		{61E555D7-3BA1-4739-8AF9-56A24B3F80FE}.Ad-Hoc|x86.ActiveCfg = Ad-Hoc|iPhone
		{61E555D7-3BA1-4739-8AF9-56A24B3F80FE}.AppStore|Any CPU.ActiveCfg = AppStore|iPhone
		{61E555D7-3BA1-4739-8AF9-56A24B3F80FE}.AppStore|ARM.ActiveCfg = AppStore|iPhone
		{61E555D7-3BA1-4739-8AF9-56A24B3F80FE}.AppStore|iPhone.ActiveCfg = AppStore|iPhone
		{61E555D7-3BA1-4739-8AF9-56A24B3F80FE}.AppStore|iPhone.Build.0 = AppStore|iPhone
		{61E555D7-3BA1-4739-8AF9-56A24B3F80FE}.AppStore|iPhoneSimulator.ActiveCfg = AppStore|iPhoneSimulator
		{61E555D7-3BA1-4739-8AF9-56A24B3F80FE}.AppStore|iPhoneSimulator.Build.0 = AppStore|iPhoneSimulator
		{61E555D7-3BA1-4739-8AF9-56A24B3F80FE}.AppStore|x86.ActiveCfg = AppStore|iPhone
		{61E555D7-3BA1-4739-8AF9-56A24B3F80FE}.Debug|Any CPU.ActiveCfg = Debug|iPhone
		{61E555D7-3BA1-4739-8AF9-56A24B3F80FE}.Debug|ARM.ActiveCfg = Debug|iPhone
		{61E555D7-3BA1-4739-8AF9-56A24B3F80FE}.Debug|iPhone.ActiveCfg = Debug|iPhone
		{61E555D7-3BA1-4739-8AF9-56A24B3F80FE}.Debug|iPhoneSimulator.ActiveCfg = Debug|iPhoneSimulator
		{61E555D7-3BA1-4739-8AF9-56A24B3F80FE}.Debug|iPhoneSimulator.Build.0 = Debug|iPhoneSimulator
		{61E555D7-3BA1-4739-8AF9-56A24B3F80FE}.Debug|x86.ActiveCfg = Debug|iPhone
		{61E555D7-3BA1-4739-8AF9-56A24B3F80FE}.Release|Any CPU.ActiveCfg = Release|iPhone
		{61E555D7-3BA1-4739-8AF9-56A24B3F80FE}.Release|ARM.ActiveCfg = Release|iPhone
		{61E555D7-3BA1-4739-8AF9-56A24B3F80FE}.Release|iPhone.ActiveCfg = Release|iPhone
		{61E555D7-3BA1-4739-8AF9-56A24B3F80FE}.Release|iPhone.Build.0 = Release|iPhone
		{61E555D7-3BA1-4739-8AF9-56A24B3F80FE}.Release|iPhoneSimulator.ActiveCfg = Release|iPhoneSimulator
		{61E555D7-3BA1-4739-8AF9-56A24B3F80FE}.Release|iPhoneSimulator.Build.0 = Release|iPhoneSimulator
		{61E555D7-3BA1-4739-8AF9-56A24B3F80FE}.Release|x86.ActiveCfg = Release|iPhone
		{04A5F20A-EAAF-4014-BFB7-BD60015092C3}.Ad-Hoc|Any CPU.ActiveCfg = Release|Any CPU
		{04A5F20A-EAAF-4014-BFB7-BD60015092C3}.Ad-Hoc|Any CPU.Build.0 = Release|Any CPU
		{04A5F20A-EAAF-4014-BFB7-BD60015092C3}.Ad-Hoc|Any CPU.Deploy.0 = Release|Any CPU
		{04A5F20A-EAAF-4014-BFB7-BD60015092C3}.Ad-Hoc|ARM.ActiveCfg = Release|ARM
		{04A5F20A-EAAF-4014-BFB7-BD60015092C3}.Ad-Hoc|ARM.Build.0 = Release|ARM
		{04A5F20A-EAAF-4014-BFB7-BD60015092C3}.Ad-Hoc|ARM.Deploy.0 = Release|ARM
		{04A5F20A-EAAF-4014-BFB7-BD60015092C3}.Ad-Hoc|iPhone.ActiveCfg = Release|Any CPU
		{04A5F20A-EAAF-4014-BFB7-BD60015092C3}.Ad-Hoc|iPhone.Build.0 = Release|Any CPU
		{04A5F20A-EAAF-4014-BFB7-BD60015092C3}.Ad-Hoc|iPhone.Deploy.0 = Release|Any CPU
		{04A5F20A-EAAF-4014-BFB7-BD60015092C3}.Ad-Hoc|iPhoneSimulator.ActiveCfg = Release|Any CPU
		{04A5F20A-EAAF-4014-BFB7-BD60015092C3}.Ad-Hoc|iPhoneSimulator.Build.0 = Release|Any CPU
		{04A5F20A-EAAF-4014-BFB7-BD60015092C3}.Ad-Hoc|iPhoneSimulator.Deploy.0 = Release|Any CPU
		{04A5F20A-EAAF-4014-BFB7-BD60015092C3}.Ad-Hoc|x86.ActiveCfg = Release|x86
		{04A5F20A-EAAF-4014-BFB7-BD60015092C3}.Ad-Hoc|x86.Build.0 = Release|x86
		{04A5F20A-EAAF-4014-BFB7-BD60015092C3}.Ad-Hoc|x86.Deploy.0 = Release|x86
		{04A5F20A-EAAF-4014-BFB7-BD60015092C3}.AppStore|Any CPU.ActiveCfg = Release|Any CPU
		{04A5F20A-EAAF-4014-BFB7-BD60015092C3}.AppStore|Any CPU.Build.0 = Release|Any CPU
		{04A5F20A-EAAF-4014-BFB7-BD60015092C3}.AppStore|Any CPU.Deploy.0 = Release|Any CPU
		{04A5F20A-EAAF-4014-BFB7-BD60015092C3}.AppStore|ARM.ActiveCfg = Release|ARM
		{04A5F20A-EAAF-4014-BFB7-BD60015092C3}.AppStore|ARM.Build.0 = Release|ARM
		{04A5F20A-EAAF-4014-BFB7-BD60015092C3}.AppStore|ARM.Deploy.0 = Release|ARM
		{04A5F20A-EAAF-4014-BFB7-BD60015092C3}.AppStore|iPhone.ActiveCfg = Release|Any CPU
		{04A5F20A-EAAF-4014-BFB7-BD60015092C3}.AppStore|iPhone.Build.0 = Release|Any CPU
		{04A5F20A-EAAF-4014-BFB7-BD60015092C3}.AppStore|iPhone.Deploy.0 = Release|Any CPU
		{04A5F20A-EAAF-4014-BFB7-BD60015092C3}.AppStore|iPhoneSimulator.ActiveCfg = Release|Any CPU
		{04A5F20A-EAAF-4014-BFB7-BD60015092C3}.AppStore|iPhoneSimulator.Build.0 = Release|Any CPU
		{04A5F20A-EAAF-4014-BFB7-BD60015092C3}.AppStore|iPhoneSimulator.Deploy.0 = Release|Any CPU
		{04A5F20A-EAAF-4014-BFB7-BD60015092C3}.AppStore|x86.ActiveCfg = Release|x86
		{04A5F20A-EAAF-4014-BFB7-BD60015092C3}.AppStore|x86.Build.0 = Release|x86
		{04A5F20A-EAAF-4014-BFB7-BD60015092C3}.AppStore|x86.Deploy.0 = Release|x86
		{04A5F20A-EAAF-4014-BFB7-BD60015092C3}.Debug|Any CPU.ActiveCfg = Debug|Any CPU
		{04A5F20A-EAAF-4014-BFB7-BD60015092C3}.Debug|Any CPU.Build.0 = Debug|Any CPU
		{04A5F20A-EAAF-4014-BFB7-BD60015092C3}.Debug|Any CPU.Deploy.0 = Debug|Any CPU
		{04A5F20A-EAAF-4014-BFB7-BD60015092C3}.Debug|ARM.ActiveCfg = Debug|ARM
		{04A5F20A-EAAF-4014-BFB7-BD60015092C3}.Debug|ARM.Build.0 = Debug|ARM
		{04A5F20A-EAAF-4014-BFB7-BD60015092C3}.Debug|ARM.Deploy.0 = Debug|ARM
		{04A5F20A-EAAF-4014-BFB7-BD60015092C3}.Debug|iPhone.ActiveCfg = Debug|ARM
		{04A5F20A-EAAF-4014-BFB7-BD60015092C3}.Debug|iPhone.Build.0 = Debug|ARM
		{04A5F20A-EAAF-4014-BFB7-BD60015092C3}.Debug|iPhone.Deploy.0 = Debug|ARM
		{04A5F20A-EAAF-4014-BFB7-BD60015092C3}.Debug|iPhoneSimulator.ActiveCfg = Debug|Any CPU
		{04A5F20A-EAAF-4014-BFB7-BD60015092C3}.Debug|iPhoneSimulator.Build.0 = Debug|Any CPU
		{04A5F20A-EAAF-4014-BFB7-BD60015092C3}.Debug|iPhoneSimulator.Deploy.0 = Debug|Any CPU
		{04A5F20A-EAAF-4014-BFB7-BD60015092C3}.Debug|x86.ActiveCfg = Release|x86
		{04A5F20A-EAAF-4014-BFB7-BD60015092C3}.Debug|x86.Build.0 = Release|x86
		{04A5F20A-EAAF-4014-BFB7-BD60015092C3}.Debug|x86.Deploy.0 = Release|x86
		{04A5F20A-EAAF-4014-BFB7-BD60015092C3}.Release|Any CPU.ActiveCfg = Release|Any CPU
		{04A5F20A-EAAF-4014-BFB7-BD60015092C3}.Release|Any CPU.Build.0 = Release|Any CPU
		{04A5F20A-EAAF-4014-BFB7-BD60015092C3}.Release|Any CPU.Deploy.0 = Release|Any CPU
		{04A5F20A-EAAF-4014-BFB7-BD60015092C3}.Release|ARM.ActiveCfg = Release|ARM
		{04A5F20A-EAAF-4014-BFB7-BD60015092C3}.Release|ARM.Build.0 = Release|ARM
		{04A5F20A-EAAF-4014-BFB7-BD60015092C3}.Release|ARM.Deploy.0 = Release|ARM
		{04A5F20A-EAAF-4014-BFB7-BD60015092C3}.Release|iPhone.ActiveCfg = Release|Any CPU
		{04A5F20A-EAAF-4014-BFB7-BD60015092C3}.Release|iPhone.Build.0 = Release|Any CPU
		{04A5F20A-EAAF-4014-BFB7-BD60015092C3}.Release|iPhone.Deploy.0 = Release|Any CPU
		{04A5F20A-EAAF-4014-BFB7-BD60015092C3}.Release|iPhoneSimulator.ActiveCfg = Release|Any CPU
		{04A5F20A-EAAF-4014-BFB7-BD60015092C3}.Release|iPhoneSimulator.Build.0 = Release|Any CPU
		{04A5F20A-EAAF-4014-BFB7-BD60015092C3}.Release|iPhoneSimulator.Deploy.0 = Release|Any CPU
		{04A5F20A-EAAF-4014-BFB7-BD60015092C3}.Release|x86.ActiveCfg = Release|x86
		{04A5F20A-EAAF-4014-BFB7-BD60015092C3}.Release|x86.Build.0 = Release|x86
		{04A5F20A-EAAF-4014-BFB7-BD60015092C3}.Release|x86.Deploy.0 = Release|x86
		{368B7E42-E168-4A0C-8CE9-DCCF0049FDC1}.Ad-Hoc|Any CPU.ActiveCfg = Release|Any CPU
		{368B7E42-E168-4A0C-8CE9-DCCF0049FDC1}.Ad-Hoc|Any CPU.Build.0 = Release|Any CPU
		{368B7E42-E168-4A0C-8CE9-DCCF0049FDC1}.Ad-Hoc|ARM.ActiveCfg = Release|Any CPU
		{368B7E42-E168-4A0C-8CE9-DCCF0049FDC1}.Ad-Hoc|ARM.Build.0 = Release|Any CPU
		{368B7E42-E168-4A0C-8CE9-DCCF0049FDC1}.Ad-Hoc|iPhone.ActiveCfg = Release|Any CPU
		{368B7E42-E168-4A0C-8CE9-DCCF0049FDC1}.Ad-Hoc|iPhone.Build.0 = Release|Any CPU
		{368B7E42-E168-4A0C-8CE9-DCCF0049FDC1}.Ad-Hoc|iPhoneSimulator.ActiveCfg = Release|Any CPU
		{368B7E42-E168-4A0C-8CE9-DCCF0049FDC1}.Ad-Hoc|iPhoneSimulator.Build.0 = Release|Any CPU
		{368B7E42-E168-4A0C-8CE9-DCCF0049FDC1}.Ad-Hoc|x86.ActiveCfg = Release|Any CPU
		{368B7E42-E168-4A0C-8CE9-DCCF0049FDC1}.Ad-Hoc|x86.Build.0 = Release|Any CPU
		{368B7E42-E168-4A0C-8CE9-DCCF0049FDC1}.AppStore|Any CPU.ActiveCfg = Release|Any CPU
		{368B7E42-E168-4A0C-8CE9-DCCF0049FDC1}.AppStore|Any CPU.Build.0 = Release|Any CPU
		{368B7E42-E168-4A0C-8CE9-DCCF0049FDC1}.AppStore|ARM.ActiveCfg = Release|Any CPU
		{368B7E42-E168-4A0C-8CE9-DCCF0049FDC1}.AppStore|ARM.Build.0 = Release|Any CPU
		{368B7E42-E168-4A0C-8CE9-DCCF0049FDC1}.AppStore|iPhone.ActiveCfg = Release|Any CPU
		{368B7E42-E168-4A0C-8CE9-DCCF0049FDC1}.AppStore|iPhone.Build.0 = Release|Any CPU
		{368B7E42-E168-4A0C-8CE9-DCCF0049FDC1}.AppStore|iPhoneSimulator.ActiveCfg = Release|Any CPU
		{368B7E42-E168-4A0C-8CE9-DCCF0049FDC1}.AppStore|iPhoneSimulator.Build.0 = Release|Any CPU
		{368B7E42-E168-4A0C-8CE9-DCCF0049FDC1}.AppStore|x86.ActiveCfg = Release|Any CPU
		{368B7E42-E168-4A0C-8CE9-DCCF0049FDC1}.AppStore|x86.Build.0 = Release|Any CPU
		{368B7E42-E168-4A0C-8CE9-DCCF0049FDC1}.Debug|Any CPU.ActiveCfg = Debug|Any CPU
		{368B7E42-E168-4A0C-8CE9-DCCF0049FDC1}.Debug|Any CPU.Build.0 = Debug|Any CPU
		{368B7E42-E168-4A0C-8CE9-DCCF0049FDC1}.Debug|ARM.ActiveCfg = Debug|Any CPU
		{368B7E42-E168-4A0C-8CE9-DCCF0049FDC1}.Debug|ARM.Build.0 = Debug|Any CPU
		{368B7E42-E168-4A0C-8CE9-DCCF0049FDC1}.Debug|iPhone.ActiveCfg = Debug|Any CPU
		{368B7E42-E168-4A0C-8CE9-DCCF0049FDC1}.Debug|iPhone.Build.0 = Debug|Any CPU
		{368B7E42-E168-4A0C-8CE9-DCCF0049FDC1}.Debug|iPhoneSimulator.ActiveCfg = Debug|Any CPU
		{368B7E42-E168-4A0C-8CE9-DCCF0049FDC1}.Debug|iPhoneSimulator.Build.0 = Debug|Any CPU
		{368B7E42-E168-4A0C-8CE9-DCCF0049FDC1}.Debug|x86.ActiveCfg = Debug|x86
		{368B7E42-E168-4A0C-8CE9-DCCF0049FDC1}.Debug|x86.Build.0 = Debug|x86
		{368B7E42-E168-4A0C-8CE9-DCCF0049FDC1}.Release|Any CPU.ActiveCfg = Release|Any CPU
		{368B7E42-E168-4A0C-8CE9-DCCF0049FDC1}.Release|Any CPU.Build.0 = Release|Any CPU
		{368B7E42-E168-4A0C-8CE9-DCCF0049FDC1}.Release|ARM.ActiveCfg = Release|Any CPU
		{368B7E42-E168-4A0C-8CE9-DCCF0049FDC1}.Release|ARM.Build.0 = Release|Any CPU
		{368B7E42-E168-4A0C-8CE9-DCCF0049FDC1}.Release|iPhone.ActiveCfg = Release|Any CPU
		{368B7E42-E168-4A0C-8CE9-DCCF0049FDC1}.Release|iPhone.Build.0 = Release|Any CPU
		{368B7E42-E168-4A0C-8CE9-DCCF0049FDC1}.Release|iPhoneSimulator.ActiveCfg = Release|Any CPU
		{368B7E42-E168-4A0C-8CE9-DCCF0049FDC1}.Release|iPhoneSimulator.Build.0 = Release|Any CPU
		{368B7E42-E168-4A0C-8CE9-DCCF0049FDC1}.Release|x86.ActiveCfg = Release|Any CPU
		{368B7E42-E168-4A0C-8CE9-DCCF0049FDC1}.Release|x86.Build.0 = Release|Any CPU
	EndGlobalSection
	GlobalSection(SolutionProperties) = preSolution
		HideSolutionNode = FALSE
	EndGlobalSection
EndGlobal
